
Microsoft Visual Studio Solution File, Format Version 12.00
# Visual Studio Version 16
VisualStudioVersion = 16.0.32002.261
MinimumVisualStudioVersion = 10.0.40219.1
Project("{FAE04EC0-301F-11D3-BF4B-00C04F79EFBC}") = "PingPong", "PingPong\PingPong.csproj", "{801A8B8F-C924-4960-8DB5-75FBE4EBEB20}"
EndProject
Project("{FAE04EC0-301F-11D3-BF4B-00C04F79EFBC}") = "Server", "Server\Server.csproj", "{0FDC61D5-66EF-4DB9-BB0D-1132901878AE}"
EndProject
Project("{FAE04EC0-301F-11D3-BF4B-00C04F79EFBC}") = "UI", "UI\UI.csproj", "{2A2416CA-4F74-4B5E-A2AC-C2E7918C7744}"
EndProject
Project("{FAE04EC0-301F-11D3-BF4B-00C04F79EFBC}") = "Client", "Client\Client.csproj", "{327A0207-D596-40B0-9720-3CB91988266B}"
EndProject
Global
	GlobalSection(SolutionConfigurationPlatforms) = preSolution
		Debug|Any CPU = Debug|Any CPU
		Release|Any CPU = Release|Any CPU
	EndGlobalSection
	GlobalSection(ProjectConfigurationPlatforms) = postSolution
		{801A8B8F-C924-4960-8DB5-75FBE4EBEB20}.Debug|Any CPU.ActiveCfg = Debug|Any CPU
		{801A8B8F-C924-4960-8DB5-75FBE4EBEB20}.Debug|Any CPU.Build.0 = Debug|Any CPU
		{801A8B8F-C924-4960-8DB5-75FBE4EBEB20}.Release|Any CPU.ActiveCfg = Release|Any CPU
		{801A8B8F-C924-4960-8DB5-75FBE4EBEB20}.Release|Any CPU.Build.0 = Release|Any CPU
		{0FDC61D5-66EF-4DB9-BB0D-1132901878AE}.Debug|Any CPU.ActiveCfg = Debug|Any CPU
		{0FDC61D5-66EF-4DB9-BB0D-1132901878AE}.Debug|Any CPU.Build.0 = Debug|Any CPU
		{0FDC61D5-66EF-4DB9-BB0D-1132901878AE}.Release|Any CPU.ActiveCfg = Release|Any CPU
		{0FDC61D5-66EF-4DB9-BB0D-1132901878AE}.Release|Any CPU.Build.0 = Release|Any CPU
		{2A2416CA-4F74-4B5E-A2AC-C2E7918C7744}.Debug|Any CPU.ActiveCfg = Debug|Any CPU
		{2A2416CA-4F74-4B5E-A2AC-C2E7918C7744}.Debug|Any CPU.Build.0 = Debug|Any CPU
		{2A2416CA-4F74-4B5E-A2AC-C2E7918C7744}.Release|Any CPU.ActiveCfg = Release|Any CPU
		{2A2416CA-4F74-4B5E-A2AC-C2E7918C7744}.Release|Any CPU.Build.0 = Release|Any CPU
		{327A0207-D596-40B0-9720-3CB91988266B}.Debug|Any CPU.ActiveCfg = Debug|Any CPU
		{327A0207-D596-40B0-9720-3CB91988266B}.Debug|Any CPU.Build.0 = Debug|Any CPU
		{327A0207-D596-40B0-9720-3CB91988266B}.Release|Any CPU.ActiveCfg = Release|Any CPU
		{327A0207-D596-40B0-9720-3CB91988266B}.Release|Any CPU.Build.0 = Release|Any CPU
	EndGlobalSection
	GlobalSection(SolutionProperties) = preSolution
		HideSolutionNode = FALSE
	EndGlobalSection
	GlobalSection(ExtensibilityGlobals) = postSolution
		SolutionGuid = {1A310C6A-E0CB-4793-ACF7-F9E5D88A7FC3}
	EndGlobalSection
EndGlobal
